// !$*UTF8*$!
{
	archiveVersion = 1;
	classes = {
	};
	objectVersion = 46;
	objects = {

/* Begin PBXBuildFile section */
		66AFBD2739C13F1338B29F26 /* Pods_JustListen.framework in Frameworks */ = {isa = PBXBuildFile; fileRef = B063288E4E9B87872A6550CC /* Pods_JustListen.framework */; };
		8FA1AB5E1D3D10A7003AF6A5 /* AppDelegate.swift in Sources */ = {isa = PBXBuildFile; fileRef = 8FA1AB5D1D3D10A7003AF6A5 /* AppDelegate.swift */; };
		8FA1AB601D3D10A7003AF6A5 /* ViewController.swift in Sources */ = {isa = PBXBuildFile; fileRef = 8FA1AB5F1D3D10A7003AF6A5 /* ViewController.swift */; };
		8FA1AB631D3D10A7003AF6A5 /* Main.storyboard in Resources */ = {isa = PBXBuildFile; fileRef = 8FA1AB611D3D10A7003AF6A5 /* Main.storyboard */; };
		8FA1AB651D3D10A7003AF6A5 /* Assets.xcassets in Resources */ = {isa = PBXBuildFile; fileRef = 8FA1AB641D3D10A7003AF6A5 /* Assets.xcassets */; };
		8FA1AB681D3D10A7003AF6A5 /* LaunchScreen.storyboard in Resources */ = {isa = PBXBuildFile; fileRef = 8FA1AB661D3D10A7003AF6A5 /* LaunchScreen.storyboard */; };
/* End PBXBuildFile section */

/* Begin PBXFileReference section */
		52F2E8CD1E31BC95BEA723B2 /* Pods-JustListen.release.xcconfig */ = {isa = PBXFileReference; includeInIndex = 1; lastKnownFileType = text.xcconfig; name = "Pods-JustListen.release.xcconfig"; path = "Pods/Target Support Files/Pods-JustListen/Pods-JustListen.release.xcconfig"; sourceTree = "<group>"; };
		6E3624964FF539CF0128CEEB /* Pods-JustListen.debug.xcconfig */ = {isa = PBXFileReference; includeInIndex = 1; lastKnownFileType = text.xcconfig; name = "Pods-JustListen.debug.xcconfig"; path = "Pods/Target Support Files/Pods-JustListen/Pods-JustListen.debug.xcconfig"; sourceTree = "<group>"; };
		8FA1AB5A1D3D10A7003AF6A5 /* JustListenPop.app */ = {isa = PBXFileReference; explicitFileType = wrapper.application; includeInIndex = 0; path = JustListenPop.app; sourceTree = BUILT_PRODUCTS_DIR; };
		8FA1AB5D1D3D10A7003AF6A5 /* AppDelegate.swift */ = {isa = PBXFileReference; lastKnownFileType = sourcecode.swift; path = AppDelegate.swift; sourceTree = "<group>"; };
		8FA1AB5F1D3D10A7003AF6A5 /* ViewController.swift */ = {isa = PBXFileReference; lastKnownFileType = sourcecode.swift; path = ViewController.swift; sourceTree = "<group>"; };
		8FA1AB621D3D10A7003AF6A5 /* Base */ = {isa = PBXFileReference; lastKnownFileType = file.storyboard; name = Base; path = Base.lproj/Main.storyboard; sourceTree = "<group>"; };
		8FA1AB641D3D10A7003AF6A5 /* Assets.xcassets */ = {isa = PBXFileReference; lastKnownFileType = folder.assetcatalog; path = Assets.xcassets; sourceTree = "<group>"; };
		8FA1AB671D3D10A7003AF6A5 /* Base */ = {isa = PBXFileReference; lastKnownFileType = file.storyboard; name = Base; path = Base.lproj/LaunchScreen.storyboard; sourceTree = "<group>"; };
		8FA1AB691D3D10A7003AF6A5 /* Info.plist */ = {isa = PBXFileReference; lastKnownFileType = text.plist.xml; path = Info.plist; sourceTree = "<group>"; };
		8FFDDAC21D4509DA005DDE8F /* JustListen-Bridging-Header.h */ = {isa = PBXFileReference; lastKnownFileType = sourcecode.c.h; path = "JustListen-Bridging-Header.h"; sourceTree = "<group>"; };
		B063288E4E9B87872A6550CC /* Pods_JustListen.framework */ = {isa = PBXFileReference; explicitFileType = wrapper.framework; includeInIndex = 0; path = Pods_JustListen.framework; sourceTree = BUILT_PRODUCTS_DIR; };
/* End PBXFileReference section */

/* Begin PBXFrameworksBuildPhase section */
		8FA1AB571D3D10A7003AF6A5 /* Frameworks */ = {
			isa = PBXFrameworksBuildPhase;
			buildActionMask = 2147483647;
			files = (
				66AFBD2739C13F1338B29F26 /* Pods_JustListen.framework in Frameworks */,
			);
			runOnlyForDeploymentPostprocessing = 0;
		};
/* End PBXFrameworksBuildPhase section */

/* Begin PBXGroup section */
		8FA1AB511D3D10A7003AF6A5 = {
			isa = PBXGroup;
			children = (
				8FA1AB5C1D3D10A7003AF6A5 /* JustListen */,
				8FA1AB5B1D3D10A7003AF6A5 /* Products */,
				EA7D390A4DE425A8125EF5DC /* Pods */,
				BC0E3DFE99A68A203BB9C41E /* Frameworks */,
			);
			sourceTree = "<group>";
		};
		8FA1AB5B1D3D10A7003AF6A5 /* Products */ = {
			isa = PBXGroup;
			children = (
				8FA1AB5A1D3D10A7003AF6A5 /* JustListenPop.app */,
			);
			name = Products;
			sourceTree = "<group>";
		};
		8FA1AB5C1D3D10A7003AF6A5 /* JustListen */ = {
			isa = PBXGroup;
			children = (
				8FA1AB5D1D3D10A7003AF6A5 /* AppDelegate.swift */,
				8FA1AB5F1D3D10A7003AF6A5 /* ViewController.swift */,
				8FA1AB611D3D10A7003AF6A5 /* Main.storyboard */,
				8FA1AB641D3D10A7003AF6A5 /* Assets.xcassets */,
				8FA1AB661D3D10A7003AF6A5 /* LaunchScreen.storyboard */,
				8FA1AB691D3D10A7003AF6A5 /* Info.plist */,
				8FFDDAC21D4509DA005DDE8F /* JustListen-Bridging-Header.h */,
			);
			path = JustListen;
			sourceTree = "<group>";
		};
		BC0E3DFE99A68A203BB9C41E /* Frameworks */ = {
			isa = PBXGroup;
			children = (
				B063288E4E9B87872A6550CC /* Pods_JustListen.framework */,
			);
			name = Frameworks;
			sourceTree = "<group>";
		};
		EA7D390A4DE425A8125EF5DC /* Pods */ = {
			isa = PBXGroup;
			children = (
				6E3624964FF539CF0128CEEB /* Pods-JustListen.debug.xcconfig */,
				52F2E8CD1E31BC95BEA723B2 /* Pods-JustListen.release.xcconfig */,
			);
			name = Pods;
			sourceTree = "<group>";
		};
/* End PBXGroup section */

/* Begin PBXNativeTarget section */
		8FA1AB591D3D10A7003AF6A5 /* JustListenPop */ = {
			isa = PBXNativeTarget;
			buildConfigurationList = 8FA1AB6C1D3D10A7003AF6A5 /* Build configuration list for PBXNativeTarget "JustListenPop" */;
			buildPhases = (
				0AB7904859956CFCE2120F64 /* [CP] Check Pods Manifest.lock */,
				8FA1AB561D3D10A7003AF6A5 /* Sources */,
				8FA1AB571D3D10A7003AF6A5 /* Frameworks */,
				8FA1AB581D3D10A7003AF6A5 /* Resources */,
				07BCE771CB32D73BA4FDA9A7 /* [CP] Embed Pods Frameworks */,
				FFAF48B31BF613819CC2A389 /* [CP] Copy Pods Resources */,
			);
			buildRules = (
			);
			dependencies = (
			);
			name = JustListenPop;
			productName = JustListen;
			productReference = 8FA1AB5A1D3D10A7003AF6A5 /* JustListenPop.app */;
			productType = "com.apple.product-type.application";
		};
/* End PBXNativeTarget section */

/* Begin PBXProject section */
		8FA1AB521D3D10A7003AF6A5 /* Project object */ = {
			isa = PBXProject;
			attributes = {
				LastSwiftUpdateCheck = 0730;
				LastUpgradeCheck = 0810;
				ORGANIZATIONNAME = Sebatyler;
				TargetAttributes = {
					8FA1AB591D3D10A7003AF6A5 = {
						CreatedOnToolsVersion = 7.3.1;
						DevelopmentTeam = 8VDNBLTP95;
						LastSwiftMigration = 0810;
						SystemCapabilities = {
							com.apple.BackgroundModes = {
								enabled = 1;
							};
						};
					};
				};
			};
			buildConfigurationList = 8FA1AB551D3D10A7003AF6A5 /* Build configuration list for PBXProject "JustListenPop" */;
			compatibilityVersion = "Xcode 3.2";
			developmentRegion = English;
			hasScannedForEncodings = 0;
			knownRegions = (
				en,
				Base,
			);
			mainGroup = 8FA1AB511D3D10A7003AF6A5;
			productRefGroup = 8FA1AB5B1D3D10A7003AF6A5 /* Products */;
			projectDirPath = "";
			projectRoot = "";
			targets = (
				8FA1AB591D3D10A7003AF6A5 /* JustListenPop */,
			);
		};
/* End PBXProject section */

/* Begin PBXResourcesBuildPhase section */
		8FA1AB581D3D10A7003AF6A5 /* Resources */ = {
			isa = PBXResourcesBuildPhase;
			buildActionMask = 2147483647;
			files = (
				8FA1AB681D3D10A7003AF6A5 /* LaunchScreen.storyboard in Resources */,
				8FA1AB651D3D10A7003AF6A5 /* Assets.xcassets in Resources */,
				8FA1AB631D3D10A7003AF6A5 /* Main.storyboard in Resources */,
			);
			runOnlyForDeploymentPostprocessing = 0;
		};
/* End PBXResourcesBuildPhase section */

/* Begin PBXShellScriptBuildPhase section */
		07BCE771CB32D73BA4FDA9A7 /* [CP] Embed Pods Frameworks */ = {
			isa = PBXShellScriptBuildPhase;
			buildActionMask = 2147483647;
			files = (
			);
			inputPaths = (
			);
			name = "[CP] Embed Pods Frameworks";
			outputPaths = (
			);
			runOnlyForDeploymentPostprocessing = 0;
			shellPath = /bin/sh;
			shellScript = "\"${SRCROOT}/Pods/Target Support Files/Pods-JustListen/Pods-JustListen-frameworks.sh\"\n";
			showEnvVarsInLog = 0;
		};
		0AB7904859956CFCE2120F64 /* [CP] Check Pods Manifest.lock */ = {
			isa = PBXShellScriptBuildPhase;
			buildActionMask = 2147483647;
			files = (
			);
			inputPaths = (
			);
			name = "[CP] Check Pods Manifest.lock";
			outputPaths = (
			);
			runOnlyForDeploymentPostprocessing = 0;
			shellPath = /bin/sh;
			shellScript = "diff \"${PODS_ROOT}/../Podfile.lock\" \"${PODS_ROOT}/Manifest.lock\" > /dev/null\nif [ $? != 0 ] ; then\n    # print error to STDERR\n    echo \"error: The sandbox is not in sync with the Podfile.lock. Run 'pod install' or update your CocoaPods installation.\" >&2\n    exit 1\nfi\n";
			showEnvVarsInLog = 0;
		};
		FFAF48B31BF613819CC2A389 /* [CP] Copy Pods Resources */ = {
			isa = PBXShellScriptBuildPhase;
			buildActionMask = 2147483647;
			files = (
			);
			inputPaths = (
			);
			name = "[CP] Copy Pods Resources";
			outputPaths = (
			);
			runOnlyForDeploymentPostprocessing = 0;
			shellPath = /bin/sh;
			shellScript = "\"${SRCROOT}/Pods/Target Support Files/Pods-JustListen/Pods-JustListen-resources.sh\"\n";
			showEnvVarsInLog = 0;
		};
/* End PBXShellScriptBuildPhase section */

/* Begin PBXSourcesBuildPhase section */
		8FA1AB561D3D10A7003AF6A5 /* Sources */ = {
			isa = PBXSourcesBuildPhase;
			buildActionMask = 2147483647;
			files = (
				8FA1AB601D3D10A7003AF6A5 /* ViewController.swift in Sources */,
				8FA1AB5E1D3D10A7003AF6A5 /* AppDelegate.swift in Sources */,
			);
			runOnlyForDeploymentPostprocessing = 0;
		};
/* End PBXSourcesBuildPhase section */

/* Begin PBXVariantGroup section */
		8FA1AB611D3D10A7003AF6A5 /* Main.storyboard */ = {
			isa = PBXVariantGroup;
			children = (
				8FA1AB621D3D10A7003AF6A5 /* Base */,
			);
			name = Main.storyboard;
			sourceTree = "<group>";
		};
		8FA1AB661D3D10A7003AF6A5 /* LaunchScreen.storyboard */ = {
			isa = PBXVariantGroup;
			children = (
				8FA1AB671D3D10A7003AF6A5 /* Base */,
			);
			name = LaunchScreen.storyboard;
			sourceTree = "<group>";
		};
/* End PBXVariantGroup section */

/* Begin XCBuildConfiguration section */
		8FA1AB6A1D3D10A7003AF6A5 /* Debug */ = {
			isa = XCBuildConfiguration;
			buildSettings = {
				ALWAYS_SEARCH_USER_PATHS = NO;
				CLANG_ANALYZER_NONNULL = YES;
				CLANG_CXX_LANGUAGE_STANDARD = "gnu++0x";
				CLANG_CXX_LIBRARY = "libc++";
				CLANG_ENABLE_MODULES = YES;
				CLANG_ENABLE_OBJC_ARC = YES;
				CLANG_WARN_BOOL_CONVERSION = YES;
				CLANG_WARN_CONSTANT_CONVERSION = YES;
				CLANG_WARN_DIRECT_OBJC_ISA_USAGE = YES_ERROR;
				CLANG_WARN_EMPTY_BODY = YES;
				CLANG_WARN_ENUM_CONVERSION = YES;
				CLANG_WARN_INFINITE_RECURSION = YES;
				CLANG_WARN_INT_CONVERSION = YES;
				CLANG_WARN_OBJC_ROOT_CLASS = YES_ERROR;
				CLANG_WARN_SUSPICIOUS_MOVE = YES;
				CLANG_WARN_UNREACHABLE_CODE = YES;
				CLANG_WARN__DUPLICATE_METHOD_MATCH = YES;
				CODE_SIGN_IDENTITY = "iPhone Developer";
				"CODE_SIGN_IDENTITY[sdk=iphoneos*]" = "iPhone Developer";
				COPY_PHASE_STRIP = NO;
				DEBUG_INFORMATION_FORMAT = dwarf;
				ENABLE_STRICT_OBJC_MSGSEND = YES;
				ENABLE_TESTABILITY = YES;
				GCC_C_LANGUAGE_STANDARD = gnu99;
				GCC_DYNAMIC_NO_PIC = NO;
				GCC_NO_COMMON_BLOCKS = YES;
				GCC_OPTIMIZATION_LEVEL = 0;
				GCC_PREPROCESSOR_DEFINITIONS = (
					"DEBUG=1",
					"$(inherited)",
				);
				GCC_WARN_64_TO_32_BIT_CONVERSION = YES;
				GCC_WARN_ABOUT_RETURN_TYPE = YES_ERROR;
				GCC_WARN_UNDECLARED_SELECTOR = YES;
				GCC_WARN_UNINITIALIZED_AUTOS = YES_AGGRESSIVE;
				GCC_WARN_UNUSED_FUNCTION = YES;
				GCC_WARN_UNUSED_VARIABLE = YES;
				IPHONEOS_DEPLOYMENT_TARGET = 9.0;
				MTL_ENABLE_DEBUG_INFO = YES;
				ONLY_ACTIVE_ARCH = YES;
				SDKROOT = iphoneos;
				SWIFT_OPTIMIZATION_LEVEL = "-Onone";
				TARGETED_DEVICE_FAMILY = "1,2";
			};
			name = Debug;
		};
		8FA1AB6B1D3D10A7003AF6A5 /* Release */ = {
			isa = XCBuildConfiguration;
			buildSettings = {
				ALWAYS_SEARCH_USER_PATHS = NO;
				CLANG_ANALYZER_NONNULL = YES;
				CLANG_CXX_LANGUAGE_STANDARD = "gnu++0x";
				CLANG_CXX_LIBRARY = "libc++";
				CLANG_ENABLE_MODULES = YES;
				CLANG_ENABLE_OBJC_ARC = YES;
				CLANG_WARN_BOOL_CONVERSION = YES;
				CLANG_WARN_CONSTANT_CONVERSION = YES;
				CLANG_WARN_DIRECT_OBJC_ISA_USAGE = YES_ERROR;
				CLANG_WARN_EMPTY_BODY = YES;
				CLANG_WARN_ENUM_CONVERSION = YES;
				CLANG_WARN_INFINITE_RECURSION = YES;
				CLANG_WARN_INT_CONVERSION = YES;
				CLANG_WARN_OBJC_ROOT_CLASS = YES_ERROR;
				CLANG_WARN_SUSPICIOUS_MOVE = YES;
				CLANG_WARN_UNREACHABLE_CODE = YES;
				CLANG_WARN__DUPLICATE_METHOD_MATCH = YES;
				CODE_SIGN_IDENTITY = "iPhone Developer";
				"CODE_SIGN_IDENTITY[sdk=iphoneos*]" = "iPhone Developer";
				COPY_PHASE_STRIP = NO;
				DEBUG_INFORMATION_FORMAT = "dwarf-with-dsym";
				ENABLE_NS_ASSERTIONS = NO;
				ENABLE_STRICT_OBJC_MSGSEND = YES;
				GCC_C_LANGUAGE_STANDARD = gnu99;
				GCC_NO_COMMON_BLOCKS = YES;
				GCC_WARN_64_TO_32_BIT_CONVERSION = YES;
				GCC_WARN_ABOUT_RETURN_TYPE = YES_ERROR;
				GCC_WARN_UNDECLARED_SELECTOR = YES;
				GCC_WARN_UNINITIALIZED_AUTOS = YES_AGGRESSIVE;
				GCC_WARN_UNUSED_FUNCTION = YES;
				GCC_WARN_UNUSED_VARIABLE = YES;
				IPHONEOS_DEPLOYMENT_TARGET = 9.0;
				MTL_ENABLE_DEBUG_INFO = NO;
				SDKROOT = iphoneos;
				SWIFT_OPTIMIZATION_LEVEL = "-Owholemodule";
				TARGETED_DEVICE_FAMILY = "1,2";
				VALIDATE_PRODUCT = YES;
			};
			name = Release;
		};
		8FA1AB6D1D3D10A7003AF6A5 /* Debug */ = {
			isa = XCBuildConfiguration;
			baseConfigurationReference = 6E3624964FF539CF0128CEEB /* Pods-JustListen.debug.xcconfig */;
			buildSettings = {
				ALWAYS_EMBED_SWIFT_STANDARD_LIBRARIES = YES;
				ASSETCATALOG_COMPILER_APPICON_NAME = AppIcon;
				ASSETCATALOG_COMPILER_LAUNCHIMAGE_NAME = LaunchImage;
				CLANG_ENABLE_MODULES = YES;
				CODE_SIGN_IDENTITY = "iPhone Developer";
				DEVELOPMENT_TEAM = 8VDNBLTP95;
				INFOPLIST_FILE = JustListen/Info.plist;
				IPHONEOS_DEPLOYMENT_TARGET = 9.0;
				LD_RUNPATH_SEARCH_PATHS = "$(inherited) @executable_path/Frameworks";
				PRODUCT_BUNDLE_IDENTIFIER = tk.sebatyler.JustListenPop;
				PRODUCT_NAME = "$(TARGET_NAME)";
				SWIFT_OBJC_BRIDGING_HEADER = "JustListen/JustListen-Bridging-Header.h";
				SWIFT_OPTIMIZATION_LEVEL = "-Onone";
				SWIFT_VERSION = 3.0;
			};
			name = Debug;
		};
		8FA1AB6E1D3D10A7003AF6A5 /* Release */ = {
			isa = XCBuildConfiguration;
			baseConfigurationReference = 52F2E8CD1E31BC95BEA723B2 /* Pods-JustListen.release.xcconfig */;
			buildSettings = {
				ALWAYS_EMBED_SWIFT_STANDARD_LIBRARIES = YES;
				ASSETCATALOG_COMPILER_APPICON_NAME = AppIcon;
				ASSETCATALOG_COMPILER_LAUNCHIMAGE_NAME = LaunchImage;
				CLANG_ENABLE_MODULES = YES;
				CODE_SIGN_IDENTITY = "iPhone Developer";
				"CODE_SIGN_IDENTITY[sdk=iphoneos*]" = "iPhone Developer";
				DEVELOPMENT_TEAM = 8VDNBLTP95;
				INFOPLIST_FILE = JustListen/Info.plist;
				IPHONEOS_DEPLOYMENT_TARGET = 9.0;
				LD_RUNPATH_SEARCH_PATHS = "$(inherited) @executable_path/Frameworks";
				PRODUCT_BUNDLE_IDENTIFIER = tk.sebatyler.JustListenPop;
				PRODUCT_NAME = "$(TARGET_NAME)";
				SWIFT_OBJC_BRIDGING_HEADER = "JustListen/JustListen-Bridging-Header.h";
				SWIFT_VERSION = 3.0;
			};
			name = Release;
		};
/* End XCBuildConfiguration section */

/* Begin XCConfigurationList section */
		8FA1AB551D3D10A7003AF6A5 /* Build configuration list for PBXProject "JustListenPop" */ = {
			isa = XCConfigurationList;
			buildConfigurations = (
				8FA1AB6A1D3D10A7003AF6A5 /* Debug */,
				8FA1AB6B1D3D10A7003AF6A5 /* Release */,
			);
			defaultConfigurationIsVisible = 0;
			defaultConfigurationName = Release;
		};
		8FA1AB6C1D3D10A7003AF6A5 /* Build configuration list for PBXNativeTarget "JustListenPop" */ = {
			isa = XCConfigurationList;
			buildConfigurations = (
				8FA1AB6D1D3D10A7003AF6A5 /* Debug */,
				8FA1AB6E1D3D10A7003AF6A5 /* Release */,
			);
			defaultConfigurationIsVisible = 0;
			defaultConfigurationName = Release;
		};
/* End XCConfigurationList section */
	};
	rootObject = 8FA1AB521D3D10A7003AF6A5 /* Project object */;
}
